
Microsoft Visual Studio Solution File, Format Version 12.00
# Visual Studio Version 16
VisualStudioVersion = 16.0.34729.46
MinimumVisualStudioVersion = 10.0.40219.1
Project("{FAE04EC0-301F-11D3-BF4B-00C04F79EFBC}") = "ClassEstoques", "ClassEstoques\ClassEstoques.csproj", "{62943880-4675-4829-BAFC-6EF322143275}"
EndProject
Global
	GlobalSection(SolutionConfigurationPlatforms) = preSolution
		Debug|Any CPU = Debug|Any CPU
		Release|Any CPU = Release|Any CPU
	EndGlobalSection
	GlobalSection(ProjectConfigurationPlatforms) = postSolution
		{62943880-4675-4829-BAFC-6EF322143275}.Debug|Any CPU.ActiveCfg = Debug|Any CPU
		{62943880-4675-4829-BAFC-6EF322143275}.Debug|Any CPU.Build.0 = Debug|Any CPU
		{62943880-4675-4829-BAFC-6EF322143275}.Release|Any CPU.ActiveCfg = Release|Any CPU
		{62943880-4675-4829-BAFC-6EF322143275}.Release|Any CPU.Build.0 = Release|Any CPU
	EndGlobalSection
	GlobalSection(SolutionProperties) = preSolution
		HideSolutionNode = FALSE
	EndGlobalSection
	GlobalSection(ExtensibilityGlobals) = postSolution
		SolutionGuid = {3C4EFEED-BF6D-46E7-91B7-EA7B6002E8AC}
	EndGlobalSection
EndGlobal
